// !$*UTF8*$!
{
	archiveVersion = 1;
	classes = {
	};
	objectVersion = 77;
	objects = {

/* Begin PBXBuildFile section */
		BF5794EB2D3752950058EBA2 /* Preview Assets.xcassets in Resources */ = {isa = PBXBuildFile; fileRef = BF5794E52D3752950058EBA2 /* Preview Assets.xcassets */; };
		BF5794EC2D3752950058EBA2 /* Assets.xcassets in Resources */ = {isa = PBXBuildFile; fileRef = BF5794E72D3752950058EBA2 /* Assets.xcassets */; };
		BF5794ED2D3752950058EBA2 /* HomeView.swift in Sources */ = {isa = PBXBuildFile; fileRef = BF5794E82D3752950058EBA2 /* HomeView.swift */; };
		BF5794EE2D3752950058EBA2 /* IncomeAppApp.swift in Sources */ = {isa = PBXBuildFile; fileRef = BF5794E92D3752950058EBA2 /* IncomeAppApp.swift */; };
		BF5794F12D3752BD0058EBA2 /* TransactionModel.swift in Sources */ = {isa = PBXBuildFile; fileRef = BF5794F02D3752BD0058EBA2 /* TransactionModel.swift */; };
		BF5794F32D37531C0058EBA2 /* TransactionTypeModel.swift in Sources */ = {isa = PBXBuildFile; fileRef = BF5794F22D37531C0058EBA2 /* TransactionTypeModel.swift */; };
		BF5794F62D375C010058EBA2 /* TransactionRowView.swift in Sources */ = {isa = PBXBuildFile; fileRef = BF5794F52D375C010058EBA2 /* TransactionRowView.swift */; };
		BF5794F82D37649A0058EBA2 /* AddTransactionView.swift in Sources */ = {isa = PBXBuildFile; fileRef = BF5794F72D37649A0058EBA2 /* AddTransactionView.swift */; };
		BFAE7FE42D6EA14A0097BC5D /* SettingsView.swift in Sources */ = {isa = PBXBuildFile; fileRef = BFAE7FE32D6EA14A0097BC5D /* SettingsView.swift */; };
		BFAE7FE62D6EA2FB0097BC5D /* Currency.swift in Sources */ = {isa = PBXBuildFile; fileRef = BFAE7FE52D6EA2FB0097BC5D /* Currency.swift */; };
/* End PBXBuildFile section */

/* Begin PBXFileReference section */
		BF5794D42D37528C0058EBA2 /* IncomeApp.app */ = {isa = PBXFileReference; explicitFileType = wrapper.application; includeInIndex = 0; path = IncomeApp.app; sourceTree = BUILT_PRODUCTS_DIR; };
		BF5794E52D3752950058EBA2 /* Preview Assets.xcassets */ = {isa = PBXFileReference; lastKnownFileType = folder.assetcatalog; path = "Preview Assets.xcassets"; sourceTree = "<group>"; };
		BF5794E72D3752950058EBA2 /* Assets.xcassets */ = {isa = PBXFileReference; lastKnownFileType = folder.assetcatalog; path = Assets.xcassets; sourceTree = "<group>"; };
		BF5794E82D3752950058EBA2 /* HomeView.swift */ = {isa = PBXFileReference; lastKnownFileType = sourcecode.swift; path = HomeView.swift; sourceTree = "<group>"; };
		BF5794E92D3752950058EBA2 /* IncomeAppApp.swift */ = {isa = PBXFileReference; lastKnownFileType = sourcecode.swift; path = IncomeAppApp.swift; sourceTree = "<group>"; };
		BF5794F02D3752BD0058EBA2 /* TransactionModel.swift */ = {isa = PBXFileReference; lastKnownFileType = sourcecode.swift; path = TransactionModel.swift; sourceTree = "<group>"; };
		BF5794F22D37531C0058EBA2 /* TransactionTypeModel.swift */ = {isa = PBXFileReference; lastKnownFileType = sourcecode.swift; path = TransactionTypeModel.swift; sourceTree = "<group>"; };
		BF5794F52D375C010058EBA2 /* TransactionRowView.swift */ = {isa = PBXFileReference; lastKnownFileType = sourcecode.swift; path = TransactionRowView.swift; sourceTree = "<group>"; };
		BF5794F72D37649A0058EBA2 /* AddTransactionView.swift */ = {isa = PBXFileReference; lastKnownFileType = sourcecode.swift; path = AddTransactionView.swift; sourceTree = "<group>"; };
		BFAE7FE32D6EA14A0097BC5D /* SettingsView.swift */ = {isa = PBXFileReference; lastKnownFileType = sourcecode.swift; path = SettingsView.swift; sourceTree = "<group>"; };
		BFAE7FE52D6EA2FB0097BC5D /* Currency.swift */ = {isa = PBXFileReference; lastKnownFileType = sourcecode.swift; path = Currency.swift; sourceTree = "<group>"; };
/* End PBXFileReference section */

/* Begin PBXFrameworksBuildPhase section */
		BF5794D12D37528C0058EBA2 /* Frameworks */ = {
			isa = PBXFrameworksBuildPhase;
			buildActionMask = 2147483647;
			files = (
			);
			runOnlyForDeploymentPostprocessing = 0;
		};
/* End PBXFrameworksBuildPhase section */

/* Begin PBXGroup section */
		BF5794CB2D37528C0058EBA2 = {
			isa = PBXGroup;
			children = (
				BF5794EA2D3752950058EBA2 /* IncomeApp */,
				BF5794D52D37528C0058EBA2 /* Products */,
			);
			sourceTree = "<group>";
		};
		BF5794D52D37528C0058EBA2 /* Products */ = {
			isa = PBXGroup;
			children = (
				BF5794D42D37528C0058EBA2 /* IncomeApp.app */,
			);
			name = Products;
			sourceTree = "<group>";
		};
		BF5794E62D3752950058EBA2 /* Preview Content */ = {
			isa = PBXGroup;
			children = (
				BF5794E52D3752950058EBA2 /* Preview Assets.xcassets */,
			);
			path = "Preview Content";
			sourceTree = "<group>";
		};
		BF5794EA2D3752950058EBA2 /* IncomeApp */ = {
			isa = PBXGroup;
			children = (
				BF5794F42D375BDC0058EBA2 /* Views */,
				BF5794EF2D3752A70058EBA2 /* Model */,
				BF5794E92D3752950058EBA2 /* IncomeAppApp.swift */,
				BF5794E72D3752950058EBA2 /* Assets.xcassets */,
				BF5794E62D3752950058EBA2 /* Preview Content */,
			);
			path = IncomeApp;
			sourceTree = "<group>";
		};
		BF5794EF2D3752A70058EBA2 /* Model */ = {
			isa = PBXGroup;
			children = (
				BF5794F02D3752BD0058EBA2 /* TransactionModel.swift */,
				BF5794F22D37531C0058EBA2 /* TransactionTypeModel.swift */,
				BFAE7FE52D6EA2FB0097BC5D /* Currency.swift */,
			);
			path = Model;
			sourceTree = "<group>";
		};
		BF5794F42D375BDC0058EBA2 /* Views */ = {
			isa = PBXGroup;
			children = (
				BF5794E82D3752950058EBA2 /* HomeView.swift */,
				BF5794F52D375C010058EBA2 /* TransactionRowView.swift */,
				BF5794F72D37649A0058EBA2 /* AddTransactionView.swift */,
				BFAE7FE32D6EA14A0097BC5D /* SettingsView.swift */,
			);
			path = Views;
			sourceTree = "<group>";
		};
/* End PBXGroup section */

/* Begin PBXNativeTarget section */
		BF5794D32D37528C0058EBA2 /* IncomeApp */ = {
			isa = PBXNativeTarget;
			buildConfigurationList = BF5794E22D37528D0058EBA2 /* Build configuration list for PBXNativeTarget "IncomeApp" */;
			buildPhases = (
				BF5794D02D37528C0058EBA2 /* Sources */,
				BF5794D12D37528C0058EBA2 /* Frameworks */,
				BF5794D22D37528C0058EBA2 /* Resources */,
			);
			buildRules = (
			);
			dependencies = (
			);
			name = IncomeApp;
			packageProductDependencies = (
			);
			productName = IncomeApp;
			productReference = BF5794D42D37528C0058EBA2 /* IncomeApp.app */;
			productType = "com.apple.product-type.application";
		};
/* End PBXNativeTarget section */

/* Begin PBXProject section */
		BF5794CC2D37528C0058EBA2 /* Project object */ = {
			isa = PBXProject;
			attributes = {
				BuildIndependentTargetsInParallel = 1;
				LastSwiftUpdateCheck = 1620;
				LastUpgradeCheck = 1620;
				TargetAttributes = {
					BF5794D32D37528C0058EBA2 = {
						CreatedOnToolsVersion = 16.2;
					};
				};
			};
			buildConfigurationList = BF5794CF2D37528C0058EBA2 /* Build configuration list for PBXProject "IncomeApp" */;
			developmentRegion = en;
			hasScannedForEncodings = 0;
			knownRegions = (
				en,
				Base,
			);
			mainGroup = BF5794CB2D37528C0058EBA2;
			minimizedProjectReferenceProxies = 1;
			preferredProjectObjectVersion = 77;
			productRefGroup = BF5794D52D37528C0058EBA2 /* Products */;
			projectDirPath = "";
			projectRoot = "";
			targets = (
				BF5794D32D37528C0058EBA2 /* IncomeApp */,
			);
		};
/* End PBXProject section */

/* Begin PBXResourcesBuildPhase section */
		BF5794D22D37528C0058EBA2 /* Resources */ = {
			isa = PBXResourcesBuildPhase;
			buildActionMask = 2147483647;
			files = (
				BF5794EB2D3752950058EBA2 /* Preview Assets.xcassets in Resources */,
				BF5794EC2D3752950058EBA2 /* Assets.xcassets in Resources */,
			);
			runOnlyForDeploymentPostprocessing = 0;
		};
/* End PBXResourcesBuildPhase section */

/* Begin PBXSourcesBuildPhase section */
		BF5794D02D37528C0058EBA2 /* Sources */ = {
			isa = PBXSourcesBuildPhase;
			buildActionMask = 2147483647;
			files = (
				BFAE7FE42D6EA14A0097BC5D /* SettingsView.swift in Sources */,
				BF5794F32D37531C0058EBA2 /* TransactionTypeModel.swift in Sources */,
				BF5794F12D3752BD0058EBA2 /* TransactionModel.swift in Sources */,
				BF5794F62D375C010058EBA2 /* TransactionRowView.swift in Sources */,
				BFAE7FE62D6EA2FB0097BC5D /* Currency.swift in Sources */,
				BF5794F82D37649A0058EBA2 /* AddTransactionView.swift in Sources */,
				BF5794ED2D3752950058EBA2 /* HomeView.swift in Sources */,
				BF5794EE2D3752950058EBA2 /* IncomeAppApp.swift in Sources */,
			);
			runOnlyForDeploymentPostprocessing = 0;
		};
/* End PBXSourcesBuildPhase section */

/* Begin XCBuildConfiguration section */
		BF5794E02D37528D0058EBA2 /* Debug */ = {
			isa = XCBuildConfiguration;
			buildSettings = {
				ALWAYS_SEARCH_USER_PATHS = NO;
				ASSETCATALOG_COMPILER_GENERATE_SWIFT_ASSET_SYMBOL_EXTENSIONS = YES;
				CLANG_ANALYZER_NONNULL = YES;
				CLANG_ANALYZER_NUMBER_OBJECT_CONVERSION = YES_AGGRESSIVE;
				CLANG_CXX_LANGUAGE_STANDARD = "gnu++20";
				CLANG_ENABLE_MODULES = YES;
				CLANG_ENABLE_OBJC_ARC = YES;
				CLANG_ENABLE_OBJC_WEAK = YES;
				CLANG_WARN_BLOCK_CAPTURE_AUTORELEASING = YES;
				CLANG_WARN_BOOL_CONVERSION = YES;
				CLANG_WARN_COMMA = YES;
				CLANG_WARN_CONSTANT_CONVERSION = YES;
				CLANG_WARN_DEPRECATED_OBJC_IMPLEMENTATIONS = YES;
				CLANG_WARN_DIRECT_OBJC_ISA_USAGE = YES_ERROR;
				CLANG_WARN_DOCUMENTATION_COMMENTS = YES;
				CLANG_WARN_EMPTY_BODY = YES;
				CLANG_WARN_ENUM_CONVERSION = YES;
				CLANG_WARN_INFINITE_RECURSION = YES;
				CLANG_WARN_INT_CONVERSION = YES;
				CLANG_WARN_NON_LITERAL_NULL_CONVERSION = YES;
				CLANG_WARN_OBJC_IMPLICIT_RETAIN_SELF = YES;
				CLANG_WARN_OBJC_LITERAL_CONVERSION = YES;
				CLANG_WARN_OBJC_ROOT_CLASS = YES_ERROR;
				CLANG_WARN_QUOTED_INCLUDE_IN_FRAMEWORK_HEADER = YES;
				CLANG_WARN_RANGE_LOOP_ANALYSIS = YES;
				CLANG_WARN_STRICT_PROTOTYPES = YES;
				CLANG_WARN_SUSPICIOUS_MOVE = YES;
				CLANG_WARN_UNGUARDED_AVAILABILITY = YES_AGGRESSIVE;
				CLANG_WARN_UNREACHABLE_CODE = YES;
				CLANG_WARN__DUPLICATE_METHOD_MATCH = YES;
				COPY_PHASE_STRIP = NO;
				DEBUG_INFORMATION_FORMAT = dwarf;
				ENABLE_STRICT_OBJC_MSGSEND = YES;
				ENABLE_TESTABILITY = YES;
				ENABLE_USER_SCRIPT_SANDBOXING = YES;
				GCC_C_LANGUAGE_STANDARD = gnu17;
				GCC_DYNAMIC_NO_PIC = NO;
				GCC_NO_COMMON_BLOCKS = YES;
				GCC_OPTIMIZATION_LEVEL = 0;
				GCC_PREPROCESSOR_DEFINITIONS = (
					"DEBUG=1",
					"$(inherited)",
				);
				GCC_WARN_64_TO_32_BIT_CONVERSION = YES;
				GCC_WARN_ABOUT_RETURN_TYPE = YES_ERROR;
				GCC_WARN_UNDECLARED_SELECTOR = YES;
				GCC_WARN_UNINITIALIZED_AUTOS = YES_AGGRESSIVE;
				GCC_WARN_UNUSED_FUNCTION = YES;
				GCC_WARN_UNUSED_VARIABLE = YES;
				IPHONEOS_DEPLOYMENT_TARGET = 18.2;
				LOCALIZATION_PREFERS_STRING_CATALOGS = YES;
				MTL_ENABLE_DEBUG_INFO = INCLUDE_SOURCE;
				MTL_FAST_MATH = YES;
				ONLY_ACTIVE_ARCH = YES;
				SDKROOT = iphoneos;
				SWIFT_ACTIVE_COMPILATION_CONDITIONS = "DEBUG $(inherited)";
				SWIFT_OPTIMIZATION_LEVEL = "-Onone";
			};
			name = Debug;
		};
		BF5794E12D37528D0058EBA2 /* Release */ = {
			isa = XCBuildConfiguration;
			buildSettings = {
				ALWAYS_SEARCH_USER_PATHS = NO;
				ASSETCATALOG_COMPILER_GENERATE_SWIFT_ASSET_SYMBOL_EXTENSIONS = YES;
				CLANG_ANALYZER_NONNULL = YES;
				CLANG_ANALYZER_NUMBER_OBJECT_CONVERSION = YES_AGGRESSIVE;
				CLANG_CXX_LANGUAGE_STANDARD = "gnu++20";
				CLANG_ENABLE_MODULES = YES;
				CLANG_ENABLE_OBJC_ARC = YES;
				CLANG_ENABLE_OBJC_WEAK = YES;
				CLANG_WARN_BLOCK_CAPTURE_AUTORELEASING = YES;
				CLANG_WARN_BOOL_CONVERSION = YES;
				CLANG_WARN_COMMA = YES;
				CLANG_WARN_CONSTANT_CONVERSION = YES;
				CLANG_WARN_DEPRECATED_OBJC_IMPLEMENTATIONS = YES;
				CLANG_WARN_DIRECT_OBJC_ISA_USAGE = YES_ERROR;
				CLANG_WARN_DOCUMENTATION_COMMENTS = YES;
				CLANG_WARN_EMPTY_BODY = YES;
				CLANG_WARN_ENUM_CONVERSION = YES;
				CLANG_WARN_INFINITE_RECURSION = YES;
				CLANG_WARN_INT_CONVERSION = YES;
				CLANG_WARN_NON_LITERAL_NULL_CONVERSION = YES;
				CLANG_WARN_OBJC_IMPLICIT_RETAIN_SELF = YES;
				CLANG_WARN_OBJC_LITERAL_CONVERSION = YES;
				CLANG_WARN_OBJC_ROOT_CLASS = YES_ERROR;
				CLANG_WARN_QUOTED_INCLUDE_IN_FRAMEWORK_HEADER = YES;
				CLANG_WARN_RANGE_LOOP_ANALYSIS = YES;
				CLANG_WARN_STRICT_PROTOTYPES = YES;
				CLANG_WARN_SUSPICIOUS_MOVE = YES;
				CLANG_WARN_UNGUARDED_AVAILABILITY = YES_AGGRESSIVE;
				CLANG_WARN_UNREACHABLE_CODE = YES;
				CLANG_WARN__DUPLICATE_METHOD_MATCH = YES;
				COPY_PHASE_STRIP = NO;
				DEBUG_INFORMATION_FORMAT = "dwarf-with-dsym";
				ENABLE_NS_ASSERTIONS = NO;
				ENABLE_STRICT_OBJC_MSGSEND = YES;
				ENABLE_USER_SCRIPT_SANDBOXING = YES;
				GCC_C_LANGUAGE_STANDARD = gnu17;
				GCC_NO_COMMON_BLOCKS = YES;
				GCC_WARN_64_TO_32_BIT_CONVERSION = YES;
				GCC_WARN_ABOUT_RETURN_TYPE = YES_ERROR;
				GCC_WARN_UNDECLARED_SELECTOR = YES;
				GCC_WARN_UNINITIALIZED_AUTOS = YES_AGGRESSIVE;
				GCC_WARN_UNUSED_FUNCTION = YES;
				GCC_WARN_UNUSED_VARIABLE = YES;
				IPHONEOS_DEPLOYMENT_TARGET = 18.2;
				LOCALIZATION_PREFERS_STRING_CATALOGS = YES;
				MTL_ENABLE_DEBUG_INFO = NO;
				MTL_FAST_MATH = YES;
				SDKROOT = iphoneos;
				SWIFT_COMPILATION_MODE = wholemodule;
				VALIDATE_PRODUCT = YES;
			};
			name = Release;
		};
		BF5794E32D37528D0058EBA2 /* Debug */ = {
			isa = XCBuildConfiguration;
			buildSettings = {
				ASSETCATALOG_COMPILER_APPICON_NAME = AppIcon;
				ASSETCATALOG_COMPILER_GLOBAL_ACCENT_COLOR_NAME = AccentColor;
				CODE_SIGN_STYLE = Automatic;
				CURRENT_PROJECT_VERSION = 1;
				DEVELOPMENT_ASSET_PATHS = "\"IncomeApp/Preview Content\"";
				DEVELOPMENT_TEAM = T9MD4URZFH;
				ENABLE_PREVIEWS = YES;
				GENERATE_INFOPLIST_FILE = YES;
				INFOPLIST_KEY_UIApplicationSceneManifest_Generation = YES;
				INFOPLIST_KEY_UIApplicationSupportsIndirectInputEvents = YES;
				INFOPLIST_KEY_UILaunchScreen_Generation = YES;
				INFOPLIST_KEY_UISupportedInterfaceOrientations_iPad = "UIInterfaceOrientationPortrait UIInterfaceOrientationPortraitUpsideDown UIInterfaceOrientationLandscapeLeft UIInterfaceOrientationLandscapeRight";
				INFOPLIST_KEY_UISupportedInterfaceOrientations_iPhone = "UIInterfaceOrientationPortrait UIInterfaceOrientationLandscapeLeft UIInterfaceOrientationLandscapeRight";
				LD_RUNPATH_SEARCH_PATHS = (
					"$(inherited)",
					"@executable_path/Frameworks",
				);
				MARKETING_VERSION = 1.0;
				PRODUCT_BUNDLE_IDENTIFIER = com.superkookai.IncomeApp;
				PRODUCT_NAME = "$(TARGET_NAME)";
				SWIFT_EMIT_LOC_STRINGS = YES;
				SWIFT_VERSION = 5.0;
				TARGETED_DEVICE_FAMILY = "1,2";
			};
			name = Debug;
		};
		BF5794E42D37528D0058EBA2 /* Release */ = {
			isa = XCBuildConfiguration;
			buildSettings = {
				ASSETCATALOG_COMPILER_APPICON_NAME = AppIcon;
				ASSETCATALOG_COMPILER_GLOBAL_ACCENT_COLOR_NAME = AccentColor;
				CODE_SIGN_STYLE = Automatic;
				CURRENT_PROJECT_VERSION = 1;
				DEVELOPMENT_ASSET_PATHS = "\"IncomeApp/Preview Content\"";
				DEVELOPMENT_TEAM = T9MD4URZFH;
				ENABLE_PREVIEWS = YES;
				GENERATE_INFOPLIST_FILE = YES;
				INFOPLIST_KEY_UIApplicationSceneManifest_Generation = YES;
				INFOPLIST_KEY_UIApplicationSupportsIndirectInputEvents = YES;
				INFOPLIST_KEY_UILaunchScreen_Generation = YES;
				INFOPLIST_KEY_UISupportedInterfaceOrientations_iPad = "UIInterfaceOrientationPortrait UIInterfaceOrientationPortraitUpsideDown UIInterfaceOrientationLandscapeLeft UIInterfaceOrientationLandscapeRight";
				INFOPLIST_KEY_UISupportedInterfaceOrientations_iPhone = "UIInterfaceOrientationPortrait UIInterfaceOrientationLandscapeLeft UIInterfaceOrientationLandscapeRight";
				LD_RUNPATH_SEARCH_PATHS = (
					"$(inherited)",
					"@executable_path/Frameworks",
				);
				MARKETING_VERSION = 1.0;
				PRODUCT_BUNDLE_IDENTIFIER = com.superkookai.IncomeApp;
				PRODUCT_NAME = "$(TARGET_NAME)";
				SWIFT_EMIT_LOC_STRINGS = YES;
				SWIFT_VERSION = 5.0;
				TARGETED_DEVICE_FAMILY = "1,2";
			};
			name = Release;
		};
/* End XCBuildConfiguration section */

/* Begin XCConfigurationList section */
		BF5794CF2D37528C0058EBA2 /* Build configuration list for PBXProject "IncomeApp" */ = {
			isa = XCConfigurationList;
			buildConfigurations = (
				BF5794E02D37528D0058EBA2 /* Debug */,
				BF5794E12D37528D0058EBA2 /* Release */,
			);
			defaultConfigurationIsVisible = 0;
			defaultConfigurationName = Release;
		};
		BF5794E22D37528D0058EBA2 /* Build configuration list for PBXNativeTarget "IncomeApp" */ = {
			isa = XCConfigurationList;
			buildConfigurations = (
				BF5794E32D37528D0058EBA2 /* Debug */,
				BF5794E42D37528D0058EBA2 /* Release */,
			);
			defaultConfigurationIsVisible = 0;
			defaultConfigurationName = Release;
		};
/* End XCConfigurationList section */
	};
	rootObject = BF5794CC2D37528C0058EBA2 /* Project object */;
}
